{
  "nodes": {
    "argononed": {
      "flake": false,
      "locked": {
        "lastModified": 1729566243,
        "narHash": "sha256-DPNI0Dpk5aym3Baf5UbEe5GENDrSmmXVdriRSWE+rgk=",
        "owner": "nvmd",
        "repo": "argononed",
        "rev": "16dbee54d49b66d5654d228d1061246b440ef7cf",
        "type": "github"
      },
      "original": {
        "owner": "nvmd",
        "repo": "argononed",
        "type": "github"
      }
    },
    "cachix": {
      "inputs": {
        "devenv": [
          "firn",
          "crate2nix"
        ],
        "flake-compat": [
          "firn",
          "crate2nix"
        ],
        "git-hooks": "git-hooks",
        "nixpkgs": "nixpkgs"
      },
      "locked": {
        "lastModified": 1767714506,
        "narHash": "sha256-WaTs0t1CxhgxbIuvQ97OFhDTVUGd1HA+KzLZUZBhe0s=",
        "owner": "cachix",
        "repo": "cachix",
        "rev": "894c649f0daaa38bbcfb21de64be47dfa7cd0ec9",
        "type": "github"
      },
      "original": {
        "owner": "cachix",
        "ref": "latest",
        "repo": "cachix",
        "type": "github"
      }
    },
    "cf": {
      "inputs": {
        "crane": "crane",
        "flake-utils": "flake-utils",
        "nixpkgs": [
          "nixpkgs"
        ]
      },
      "locked": {
        "lastModified": 1785250649,
        "narHash": "sha256-04aFZonoUjwVnk5v2UvEiA3bRrDQZ0AHqDMucyDjQE0=",
        "ref": "refs/heads/master",
        "rev": "edf68b4672677e167d79ba2fb53c85d8da4ce8fb",
        "revCount": 2,
        "type": "git",
        "url": "ssh://git@github.com/notabug-app/cf.git"
      },
      "original": {
        "type": "git",
        "url": "ssh://git@github.com/notabug-app/cf.git"
      }
    },
    "crane": {
      "locked": {
        "lastModified": 1784564969,
        "narHash": "sha256-TkTWNhJV/8Wk3czlbz4bwHZkFCaCHPsOy+oJe4PUiXg=",
        "owner": "ipetkov",
        "repo": "crane",
        "rev": "7930f6c291de6f83c257839d434592aa085f290a",
        "type": "github"
      },
      "original": {
        "owner": "ipetkov",
        "repo": "crane",
        "type": "github"
      }
    },
    "crane_2": {
      "locked": {
        "lastModified": 1784564969,
        "narHash": "sha256-TkTWNhJV/8Wk3czlbz4bwHZkFCaCHPsOy+oJe4PUiXg=",
        "owner": "ipetkov",
        "repo": "crane",
        "rev": "7930f6c291de6f83c257839d434592aa085f290a",
        "type": "github"
      },
      "original": {
        "owner": "ipetkov",
        "repo": "crane",
        "type": "github"
      }
    },
    "crate2nix": {
      "inputs": {
        "cachix": "cachix",
        "devshell": "devshell",
        "flake-compat": "flake-compat",
        "flake-parts": "flake-parts",
        "nix-test-runner": "nix-test-runner",
        "nixpkgs": "nixpkgs_2",
        "pre-commit-hooks": "pre-commit-hooks"
      },
      "locked": {
        "lastModified": 1782759041,
        "narHash": "sha256-2577vxyoBa8+ZRiXr3CuPtOuEtPRYsFPSZuEc/KI/80=",
        "owner": "nix-community",
        "repo": "crate2nix",
        "rev": "5e1ecfd2d15b34ec90c2e51fdffbe8116595a767",
        "type": "github"
      },
      "original": {
        "owner": "nix-community",
        "repo": "crate2nix",
        "type": "github"
      }
    },
    "devshell": {
      "inputs": {
        "nixpkgs": [
          "firn",
          "crate2nix",
          "nixpkgs"
        ]
      },
      "locked": {
        "lastModified": 1768818222,
        "narHash": "sha256-460jc0+CZfyaO8+w8JNtlClB2n4ui1RbHfPTLkpwhU8=",
        "owner": "numtide",
        "repo": "devshell",
        "rev": "255a2b1725a20d060f566e4755dbf571bbbb5f76",
        "type": "github"
      },
      "original": {
        "owner": "numtide",
        "repo": "devshell",
        "type": "github"
      }
    },
    "firn": {
      "inputs": {
        "crate2nix": "crate2nix",
        "flake-utils": "flake-utils_2",
        "nixpkgs": [
          "nixpkgs"
        ],
        "rust-overlay": "rust-overlay"
      },
      "locked": {
        "lastModified": 1786707461,
        "narHash": "sha256-bgqnPgEAHRCQIEKXrqzaxSmx/xx1AodH/O9XSHgi2FQ=",
        "ref": "refs/heads/main",
        "rev": "cd6802e7549abe9594204c35c197c1cf61288f80",
        "revCount": 74,
        "type": "git",
        "url": "ssh://git@github.com/notabug-app/firn.git"
      },
      "original": {
        "type": "git",
        "url": "ssh://git@github.com/notabug-app/firn.git"
      }
    },
    "flake-compat": {
      "locked": {
        "lastModified": 1733328505,
        "narHash": "sha256-NeCCThCEP3eCl2l/+27kNNK7QrwZB1IJCrXfrbv5oqU=",
        "rev": "ff81ac966bb2cae68946d5ed5fc4994f96d0ffec",
        "revCount": 69,
        "type": "tarball",
        "url": "https://api.flakehub.com/f/pinned/edolstra/flake-compat/1.1.0/01948eb7-9cba-704f-bbf3-3fa956735b52/source.tar.gz"
      },
      "original": {
        "type": "tarball",
        "url": "https://flakehub.com/f/edolstra/flake-compat/1.tar.gz"
      }
    },
    "flake-compat_2": {
      "locked": {
        "lastModified": 1767039857,
        "narHash": "sha256-vNpUSpF5Nuw8xvDLj2KCwwksIbjua2LZCqhV1LNRDns=",
        "owner": "edolstra",
        "repo": "flake-compat",
        "rev": "5edf11c44bc78a0d334f6334cdaf7d60d732daab",
        "type": "github"
      },
      "original": {
        "owner": "edolstra",
        "repo": "flake-compat",
        "type": "github"
      }
    },
    "flake-parts": {
      "inputs": {
        "nixpkgs-lib": [
          "firn",
          "crate2nix",
          "nixpkgs"
        ]
      },
      "locked": {
        "lastModified": 1768135262,
        "narHash": "sha256-PVvu7OqHBGWN16zSi6tEmPwwHQ4rLPU9Plvs8/1TUBY=",
        "owner": "hercules-ci",
        "repo": "flake-parts",
        "rev": "80daad04eddbbf5a4d883996a73f3f542fa437ac",
        "type": "github"
      },
      "original": {
        "owner": "hercules-ci",
        "repo": "flake-parts",
        "type": "github"
      }
    },
    "flake-utils": {
      "inputs": {
        "systems": "systems"
      },
      "locked": {
        "lastModified": 1731533236,
        "narHash": "sha256-l0KFg5HjrsfsO/JpG+r7fRrqm12kzFHyUHqHCVpMMbI=",
        "owner": "numtide",
        "repo": "flake-utils",
        "rev": "11707dc2f618dd54ca8739b309ec4fc024de578b",
        "type": "github"
      },
      "original": {
        "owner": "numtide",
        "repo": "flake-utils",
        "type": "github"
      }
    },
    "flake-utils_2": {
      "inputs": {
        "systems": "systems_2"
      },
      "locked": {
        "lastModified": 1731533236,
        "narHash": "sha256-l0KFg5HjrsfsO/JpG+r7fRrqm12kzFHyUHqHCVpMMbI=",
        "owner": "numtide",
        "repo": "flake-utils",
        "rev": "11707dc2f618dd54ca8739b309ec4fc024de578b",
        "type": "github"
      },
      "original": {
        "owner": "numtide",
        "repo": "flake-utils",
        "type": "github"
      }
    },
    "flake-utils_3": {
      "inputs": {
        "systems": "systems_3"
      },
      "locked": {
        "lastModified": 1731533236,
        "narHash": "sha256-l0KFg5HjrsfsO/JpG+r7fRrqm12kzFHyUHqHCVpMMbI=",
        "owner": "numtide",
        "repo": "flake-utils",
        "rev": "11707dc2f618dd54ca8739b309ec4fc024de578b",
        "type": "github"
      },
      "original": {
        "owner": "numtide",
        "repo": "flake-utils",
        "type": "github"
      }
    },
    "git-hooks": {
      "inputs": {
        "flake-compat": [
          "firn",
          "crate2nix",
          "cachix",
          "flake-compat"
        ],
        "gitignore": "gitignore",
        "nixpkgs": [
          "firn",
          "crate2nix",
          "cachix",
          "nixpkgs"
        ]
      },
      "locked": {
        "lastModified": 1765404074,
        "narHash": "sha256-+ZDU2d+vzWkEJiqprvV5PR26DVFN2vgddwG5SnPZcUM=",
        "owner": "cachix",
        "repo": "git-hooks.nix",
        "rev": "2d6f58930fbcd82f6f9fd59fb6d13e37684ca529",
        "type": "github"
      },
      "original": {
        "owner": "cachix",
        "repo": "git-hooks.nix",
        "type": "github"
      }
    },
    "gitignore": {
      "inputs": {
        "nixpkgs": [
          "firn",
          "crate2nix",
          "cachix",
          "git-hooks",
          "nixpkgs"
        ]
      },
      "locked": {
        "lastModified": 1709087332,
        "narHash": "sha256-HG2cCnktfHsKV0s4XW83gU3F57gaTljL9KNSuG6bnQs=",
        "owner": "hercules-ci",
        "repo": "gitignore.nix",
        "rev": "637db329424fd7e46cf4185293b9cc8c88c95394",
        "type": "github"
      },
      "original": {
        "owner": "hercules-ci",
        "repo": "gitignore.nix",
        "type": "github"
      }
    },
    "gitignore_2": {
      "inputs": {
        "nixpkgs": [
          "firn",
          "crate2nix",
          "pre-commit-hooks",
          "nixpkgs"
        ]
      },
      "locked": {
        "lastModified": 1709087332,
        "narHash": "sha256-HG2cCnktfHsKV0s4XW83gU3F57gaTljL9KNSuG6bnQs=",
        "owner": "hercules-ci",
        "repo": "gitignore.nix",
        "rev": "637db329424fd7e46cf4185293b9cc8c88c95394",
        "type": "github"
      },
      "original": {
        "owner": "hercules-ci",
        "repo": "gitignore.nix",
        "type": "github"
      }
    },
    "nix-test-runner": {
      "flake": false,
      "locked": {
        "lastModified": 1588761593,
        "narHash": "sha256-FKJykltAN/g3eIceJl4SfDnnyuH2jHImhMrXS2KvGIs=",
        "owner": "stoeffel",
        "repo": "nix-test-runner",
        "rev": "c45d45b11ecef3eb9d834c3b6304c05c49b06ca2",
        "type": "github"
      },
      "original": {
        "owner": "stoeffel",
        "repo": "nix-test-runner",
        "type": "github"
      }
    },
    "nixos-images": {
      "inputs": {
        "nixos-stable": [
          "nixos-raspberrypi",
          "nixpkgs"
        ],
        "nixos-unstable": [
          "nixos-raspberrypi",
          "nixpkgs"
        ]
      },
      "locked": {
        "lastModified": 1747747741,
        "narHash": "sha256-LUOH27unNWbGTvZFitHonraNx0JF/55h30r9WxqrznM=",
        "owner": "nvmd",
        "repo": "nixos-images",
        "rev": "cbbd6db325775096680b65e2a32fb6187c09bbb4",
        "type": "github"
      },
      "original": {
        "owner": "nvmd",
        "ref": "sdimage-installer",
        "repo": "nixos-images",
        "type": "github"
      }
    },
    "nixos-raspberrypi": {
      "inputs": {
        "argononed": "argononed",
        "flake-compat": "flake-compat_2",
        "nixos-images": "nixos-images",
        "nixpkgs": [
          "nixpkgs"
        ]
      },
      "locked": {
        "lastModified": 1786353041,
        "narHash": "sha256-TVf9e3UZ+fScRSoakLYIiJU84p24QxOhhJvL8G5iJGw=",
        "owner": "nvmd",
        "repo": "nixos-raspberrypi",
        "rev": "9a2bb77b1d7a953dbf7d278370f79bea66619f48",
        "type": "github"
      },
      "original": {
        "owner": "nvmd",
        "repo": "nixos-raspberrypi",
        "type": "github"
      }
    },
    "nixpkgs": {
      "locked": {
        "lastModified": 1765186076,
        "narHash": "sha256-hM20uyap1a0M9d344I692r+ik4gTMyj60cQWO+hAYP8=",
        "owner": "NixOS",
        "repo": "nixpkgs",
        "rev": "addf7cf5f383a3101ecfba091b98d0a1263dc9b8",
        "type": "github"
      },
      "original": {
        "owner": "NixOS",
        "ref": "nixos-unstable",
        "repo": "nixpkgs",
        "type": "github"
      }
    },
    "nixpkgs_2": {
      "locked": {
        "lastModified": 1769433173,
        "narHash": "sha256-Gf1dFYgD344WZ3q0LPlRoWaNdNQq8kSBDLEWulRQSEs=",
        "owner": "NixOS",
        "repo": "nixpkgs",
        "rev": "13b0f9e6ac78abbbb736c635d87845c4f4bee51b",
        "type": "github"
      },
      "original": {
        "owner": "NixOS",
        "ref": "nixpkgs-unstable",
        "repo": "nixpkgs",
        "type": "github"
      }
    },
    "nixpkgs_3": {
      "locked": {
        "lastModified": 1744536153,
        "narHash": "sha256-awS2zRgF4uTwrOKwwiJcByDzDOdo3Q1rPZbiHQg/N38=",
        "owner": "NixOS",
        "repo": "nixpkgs",
        "rev": "18dd725c29603f582cf1900e0d25f9f1063dbf11",
        "type": "github"
      },
      "original": {
        "owner": "NixOS",
        "ref": "nixpkgs-unstable",
        "repo": "nixpkgs",
        "type": "github"
      }
    },
    "nixpkgs_4": {
      "locked": {
        "lastModified": 1786599213,
        "narHash": "sha256-yNJd40f11EzXBjSByCB7IPpeFFAdeoSKKM67dGkfFoU=",
        "owner": "NixOS",
        "repo": "nixpkgs",
        "rev": "0e251e24a4f24e036a084b6b4b2d2491af4167f4",
        "type": "github"
      },
      "original": {
        "owner": "NixOS",
        "ref": "nixos-unstable",
        "repo": "nixpkgs",
        "type": "github"
      }
    },
    "pre-commit-hooks": {
      "inputs": {
        "flake-compat": [
          "firn",
          "crate2nix",
          "flake-compat"
        ],
        "gitignore": "gitignore_2",
        "nixpkgs": [
          "firn",
          "crate2nix",
          "nixpkgs"
        ]
      },
      "locked": {
        "lastModified": 1769069492,
        "narHash": "sha256-Efs3VUPelRduf3PpfPP2ovEB4CXT7vHf8W+xc49RL/U=",
        "owner": "cachix",
        "repo": "pre-commit-hooks.nix",
        "rev": "a1ef738813b15cf8ec759bdff5761b027e3e1d23",
        "type": "github"
      },
      "original": {
        "owner": "cachix",
        "repo": "pre-commit-hooks.nix",
        "type": "github"
      }
    },
    "root": {
      "inputs": {
        "cf": "cf",
        "firn": "firn",
        "nixos-raspberrypi": "nixos-raspberrypi",
        "nixpkgs": "nixpkgs_4",
        "vaultwarden-src": "vaultwarden-src",
        "void": "void",
        "webvault-src": "webvault-src"
      }
    },
    "rust-overlay": {
      "inputs": {
        "nixpkgs": "nixpkgs_3"
      },
      "locked": {
        "lastModified": 1786680812,
        "narHash": "sha256-5lDFwethgqSULdupYl3Eu5n80jfcbb85gSJX/jb58GQ=",
        "owner": "oxalica",
        "repo": "rust-overlay",
        "rev": "f1dcc7e4ea4fdb6d8f276face22f353832b161e3",
        "type": "github"
      },
      "original": {
        "owner": "oxalica",
        "repo": "rust-overlay",
        "type": "github"
      }
    },
    "systems": {
      "locked": {
        "lastModified": 1681028828,
        "narHash": "sha256-Vy1rq5AaRuLzOxct8nz4T6wlgyUR7zLU309k9mBC768=",
        "owner": "nix-systems",
        "repo": "default",
        "rev": "da67096a3b9bf56a91d16901293e51ba5b49a27e",
        "type": "github"
      },
      "original": {
        "owner": "nix-systems",
        "repo": "default",
        "type": "github"
      }
    },
    "systems_2": {
      "locked": {
        "lastModified": 1681028828,
        "narHash": "sha256-Vy1rq5AaRuLzOxct8nz4T6wlgyUR7zLU309k9mBC768=",
        "owner": "nix-systems",
        "repo": "default",
        "rev": "da67096a3b9bf56a91d16901293e51ba5b49a27e",
        "type": "github"
      },
      "original": {
        "owner": "nix-systems",
        "repo": "default",
        "type": "github"
      }
    },
    "systems_3": {
      "locked": {
        "lastModified": 1681028828,
        "narHash": "sha256-Vy1rq5AaRuLzOxct8nz4T6wlgyUR7zLU309k9mBC768=",
        "owner": "nix-systems",
        "repo": "default",
        "rev": "da67096a3b9bf56a91d16901293e51ba5b49a27e",
        "type": "github"
      },
      "original": {
        "owner": "nix-systems",
        "repo": "default",
        "type": "github"
      }
    },
    "vaultwarden-src": {
      "flake": false,
      "locked": {
        "lastModified": 1785330824,
        "narHash": "sha256-QS9dUOlId4LT6rNgLwVxShX3xpnykpbiFsc0x88Bojc=",
        "owner": "dani-garcia",
        "repo": "vaultwarden",
        "rev": "2629bcbe1380c894e3a7f52cafcac3988edb8fbb",
        "type": "github"
      },
      "original": {
        "owner": "dani-garcia",
        "ref": "1.37.1",
        "repo": "vaultwarden",
        "type": "github"
      }
    },
    "void": {
      "inputs": {
        "crane": "crane_2",
        "flake-utils": "flake-utils_3",
        "nixpkgs": [
          "nixpkgs"
        ]
      },
      "locked": {
        "lastModified": 1785501494,
        "narHash": "sha256-rxHo8owwhe9OuWea1gaGCnX8hRxTOyZxc7qtEhlF+VM=",
        "ref": "refs/heads/main",
        "rev": "7cd890f35837261ecc69f4c4dec0b60792f0e780",
        "revCount": 26,
        "type": "git",
        "url": "ssh://git@github.com/notabug-app/void.git"
      },
      "original": {
        "type": "git",
        "url": "ssh://git@github.com/notabug-app/void.git"
      }
    },
    "webvault-src": {
      "flake": false,
      "locked": {
        "lastModified": 1784905520,
        "narHash": "sha256-T568KU1KMy/tGHoOeCayMer0AzIV/PmISEynP1dwka8=",
        "type": "tarball",
        "url": "https://github.com/dani-garcia/bw_web_builds/releases/download/v2026.6.4/bw_web_v2026.6.4.tar.gz"
      },
      "original": {
        "type": "tarball",
        "url": "https://github.com/dani-garcia/bw_web_builds/releases/download/v2026.6.4/bw_web_v2026.6.4.tar.gz"
      }
    }
  },
  "root": "root",
  "version": 7
}
